using System;
using System.Collections.Generic;
using System.Linq;
using System.Text;
using System.Threading.Tasks;

public class Operations
{
    string Dispay = "Display";
    string Enlist = "Enlist";
}

public abstract class Person
{
    private string _FirstName;
    private string _LastName;
    private int _Id;
}

public class Student : Person
{
    private float GPA;
}

public class StudentGenerator
{
    
}



    class Program
    {
        static void Main()
        {
        }
    }

